
Microsoft Visual Studio Solution File, Format Version 12.00
# Visual Studio Version 16
VisualStudioVersion = 16.0.31515.178
MinimumVisualStudioVersion = 10.0.40219.1
Project("{FAE04EC0-301F-11D3-BF4B-00C04F79EFBC}") = "ProductConfiguration", "ProductConfiguration.csproj", "{724AF897-D5E4-4D4E-BFBE-3750691A4AD4}"
EndProject
Project("{FAE04EC0-301F-11D3-BF4B-00C04F79EFBC}") = "UnitTestProject", "..\UnitTestProject\UnitTestProject.csproj", "{1A7AFB5F-D035-4835-9E0C-981BDED6A479}"
EndProject
Project("{FAE04EC0-301F-11D3-BF4B-00C04F79EFBC}") = "InstallerCustomizedAction", "..\InstallerCustomizedAction\InstallerCustomizedAction.csproj", "{A6FF6A32-1275-4B2C-83AF-4C1D0BAF6DB2}"
EndProject
Project("{FAE04EC0-301F-11D3-BF4B-00C04F79EFBC}") = "InstallerProject", "..\InstallerProject\InstallerProject.csproj", "{079D087D-DEA7-46AD-9B68-B22B1762C5D4}"
EndProject
Global
	GlobalSection(SolutionConfigurationPlatforms) = preSolution
		Debug|Any CPU = Debug|Any CPU
		Release|Any CPU = Release|Any CPU
	EndGlobalSection
	GlobalSection(ProjectConfigurationPlatforms) = postSolution
		{724AF897-D5E4-4D4E-BFBE-3750691A4AD4}.Debug|Any CPU.ActiveCfg = Debug|Any CPU
		{724AF897-D5E4-4D4E-BFBE-3750691A4AD4}.Debug|Any CPU.Build.0 = Debug|Any CPU
		{724AF897-D5E4-4D4E-BFBE-3750691A4AD4}.Release|Any CPU.ActiveCfg = Release|Any CPU
		{724AF897-D5E4-4D4E-BFBE-3750691A4AD4}.Release|Any CPU.Build.0 = Release|Any CPU
		{1A7AFB5F-D035-4835-9E0C-981BDED6A479}.Debug|Any CPU.ActiveCfg = Debug|Any CPU
		{1A7AFB5F-D035-4835-9E0C-981BDED6A479}.Debug|Any CPU.Build.0 = Debug|Any CPU
		{1A7AFB5F-D035-4835-9E0C-981BDED6A479}.Release|Any CPU.ActiveCfg = Release|Any CPU
		{1A7AFB5F-D035-4835-9E0C-981BDED6A479}.Release|Any CPU.Build.0 = Release|Any CPU
		{A6FF6A32-1275-4B2C-83AF-4C1D0BAF6DB2}.Debug|Any CPU.ActiveCfg = Debug|Any CPU
		{A6FF6A32-1275-4B2C-83AF-4C1D0BAF6DB2}.Debug|Any CPU.Build.0 = Debug|Any CPU
		{A6FF6A32-1275-4B2C-83AF-4C1D0BAF6DB2}.Release|Any CPU.ActiveCfg = Release|Any CPU
		{A6FF6A32-1275-4B2C-83AF-4C1D0BAF6DB2}.Release|Any CPU.Build.0 = Release|Any CPU
		{079D087D-DEA7-46AD-9B68-B22B1762C5D4}.Debug|Any CPU.ActiveCfg = Debug|Any CPU
		{079D087D-DEA7-46AD-9B68-B22B1762C5D4}.Debug|Any CPU.Build.0 = Debug|Any CPU
		{079D087D-DEA7-46AD-9B68-B22B1762C5D4}.Release|Any CPU.ActiveCfg = Release|Any CPU
		{079D087D-DEA7-46AD-9B68-B22B1762C5D4}.Release|Any CPU.Build.0 = Release|Any CPU
	EndGlobalSection
	GlobalSection(SolutionProperties) = preSolution
		HideSolutionNode = FALSE
	EndGlobalSection
	GlobalSection(ExtensibilityGlobals) = postSolution
		SolutionGuid = {AD8F03C6-6E09-4144-A6BE-55C7F68F6A83}
	EndGlobalSection
EndGlobal
